
Microsoft Visual Studio Solution File, Format Version 12.00
# Visual Studio 15
VisualStudioVersion = 15.0.26228.9
MinimumVisualStudioVersion = 10.0.40219.1
Project("{FAE04EC0-301F-11D3-BF4B-00C04F79EFBC}") = "Core", "XmlToHtmlConverter\Core.csproj", "{C83AB762-4AAB-463E-973C-6E9935ADC262}"
	ProjectSection(ProjectDependencies) = postProject
		{90990372-556A-4613-B68A-62EFD3E59CC6} = {90990372-556A-4613-B68A-62EFD3E59CC6}
		{0FE6B9F3-B7D9-4C11-B686-C351D8EEC630} = {0FE6B9F3-B7D9-4C11-B686-C351D8EEC630}
	EndProjectSection
EndProject
Project("{FAE04EC0-301F-11D3-BF4B-00C04F79EFBC}") = "HtmlGenerator", "HtmlPageGenerator\HtmlGenerator.csproj", "{90990372-556A-4613-B68A-62EFD3E59CC6}"
EndProject
Project("{FAE04EC0-301F-11D3-BF4B-00C04F79EFBC}") = "XmlParsing", "XmlDataParsing\XmlParsing.csproj", "{0FE6B9F3-B7D9-4C11-B686-C351D8EEC630}"
EndProject
Global
	GlobalSection(SolutionConfigurationPlatforms) = preSolution
		Debug|Any CPU = Debug|Any CPU
		Release|Any CPU = Release|Any CPU
	EndGlobalSection
	GlobalSection(ProjectConfigurationPlatforms) = postSolution
		{C83AB762-4AAB-463E-973C-6E9935ADC262}.Debug|Any CPU.ActiveCfg = Debug|Any CPU
		{C83AB762-4AAB-463E-973C-6E9935ADC262}.Debug|Any CPU.Build.0 = Debug|Any CPU
		{C83AB762-4AAB-463E-973C-6E9935ADC262}.Release|Any CPU.ActiveCfg = Release|Any CPU
		{C83AB762-4AAB-463E-973C-6E9935ADC262}.Release|Any CPU.Build.0 = Release|Any CPU
		{90990372-556A-4613-B68A-62EFD3E59CC6}.Debug|Any CPU.ActiveCfg = Debug|Any CPU
		{90990372-556A-4613-B68A-62EFD3E59CC6}.Debug|Any CPU.Build.0 = Debug|Any CPU
		{90990372-556A-4613-B68A-62EFD3E59CC6}.Release|Any CPU.ActiveCfg = Release|Any CPU
		{90990372-556A-4613-B68A-62EFD3E59CC6}.Release|Any CPU.Build.0 = Release|Any CPU
		{0FE6B9F3-B7D9-4C11-B686-C351D8EEC630}.Debug|Any CPU.ActiveCfg = Debug|Any CPU
		{0FE6B9F3-B7D9-4C11-B686-C351D8EEC630}.Debug|Any CPU.Build.0 = Debug|Any CPU
		{0FE6B9F3-B7D9-4C11-B686-C351D8EEC630}.Release|Any CPU.ActiveCfg = Release|Any CPU
		{0FE6B9F3-B7D9-4C11-B686-C351D8EEC630}.Release|Any CPU.Build.0 = Release|Any CPU
	EndGlobalSection
	GlobalSection(SolutionProperties) = preSolution
		HideSolutionNode = FALSE
	EndGlobalSection
EndGlobal
